
Microsoft Visual Studio Solution File, Format Version 12.00
# Visual Studio Version 17
VisualStudioVersion = 17.6.33723.286
MinimumVisualStudioVersion = 10.0.40219.1
Project("{FAE04EC0-301F-11D3-BF4B-00C04F79EFBC}") = "ReactApiRsa", "ReactApiRsa.csproj", "{CE7574C0-384E-4EA3-B285-BF0C398FF64D}"
EndProject
Global
	GlobalSection(SolutionConfigurationPlatforms) = preSolution
		Debug|Any CPU = Debug|Any CPU
		Release|Any CPU = Release|Any CPU
	EndGlobalSection
	GlobalSection(ProjectConfigurationPlatforms) = postSolution
		{CE7574C0-384E-4EA3-B285-BF0C398FF64D}.Debug|Any CPU.ActiveCfg = Debug|Any CPU
		{CE7574C0-384E-4EA3-B285-BF0C398FF64D}.Debug|Any CPU.Build.0 = Debug|Any CPU
		{CE7574C0-384E-4EA3-B285-BF0C398FF64D}.Release|Any CPU.ActiveCfg = Release|Any CPU
		{CE7574C0-384E-4EA3-B285-BF0C398FF64D}.Release|Any CPU.Build.0 = Release|Any CPU
	EndGlobalSection
	GlobalSection(SolutionProperties) = preSolution
		HideSolutionNode = FALSE
	EndGlobalSection
	GlobalSection(ExtensibilityGlobals) = postSolution
		SolutionGuid = {571EA521-E1EB-4D74-AB41-C0B7BF3C78E6}
	EndGlobalSection
EndGlobal
